{
  "name": "worldtracking-realscale",
  "version": "1.0.0",
  "lockfileVersion": 3,
  "requires": true,
  "packages": {
    "": {
      "name": "worldtracking-realscale",
      "version": "1.0.0",
      "dependencies": {
        "three": "0.150.1",
        "@zcomponent/core": "1.x",
        "@zcomponent/html": "1.x",
        "@zcomponent/three": "1.x",
        "@zcomponent/zappar-three": "3.x"
      },
      "devDependencies": {
        "@types/three": "0.150.1",
        "typescript": "4.8.4"
      },
      "license": "ISC"
    },
    "node_modules/@types/stats.js": {
      "version": "0.17.3",
      "resolved": "https://registry.npmjs.org/@types/stats.js/-/stats.js-0.17.3.tgz",
      "integrity": "sha512-pXNfAD3KHOdif9EQXZ9deK82HVNaXP5ZIF5RP2QG6OQFNTaY2YIetfrE9t528vEreGQvEPRDDc8muaoYeK0SxQ==",
      "license": "MIT",
      "dev": true
    },
    "node_modules/@types/three": {
      "version": "0.150.1",
      "resolved": "https://registry.npmjs.org/@types/three/-/three-0.150.1.tgz",
      "integrity": "sha512-ZXS1M3brsfAAbTeeUEt0defPi98yWQuEyPBnvjEYY1dCEYfJnFaww0mYgRpJ9JVfmtwRxqISpVcv/g/0lMl1DQ==",
      "license": "MIT",
      "dev": true,
      "dependencies": {
        "fflate": "~0.6.9",
        "lil-gui": "~0.17.0",
        "@types/webxr": "*",
        "@types/stats.js": "*"
      }
    },
    "node_modules/@types/w3c-generic-sensor": {
      "version": "1.0.10",
      "resolved": "https://registry.npmjs.org/@types/w3c-generic-sensor/-/w3c-generic-sensor-1.0.10.tgz",
      "integrity": "sha512-C56c4FhueauZcGyez3WHMzQ4LgRkJ6TNYimmYTWF0u1ncaipghmjfB+971/rU7UfrwajJg5OTcv+fp0VjjTzig==",
      "license": "MIT",
      "dependencies": {
        "typescript": "^2.2.2"
      }
    },
    "node_modules/@types/webxr": {
      "version": "0.5.21",
      "resolved": "https://registry.npmjs.org/@types/webxr/-/webxr-0.5.21.tgz",
      "integrity": "sha512-geZIAtLzjGmgY2JUi6VxXdCrTb99A7yP49lxLr2Nm/uIK0PkkxcEi4OGhoGDO4pxCf3JwGz2GiJL2Ej4K2bKaA==",
      "license": "MIT",
      "peerDependencies": {},
      "dev": true
    },
    "node_modules/@zappar/zappar": {
      "version": "3.2.0-beta.1",
      "resolved": "https://registry.npmjs.org/@zappar/zappar/-/zappar-3.2.0-beta.1.tgz",
      "integrity": "sha512-jtt+0t183/enwmCytkX7PxKuROYwgTfReoFFpTE4vUZ+N/y3fHLariJtNBFsquDgjh6ox4KVV1j10TcIWs0X2w==",
      "license": "Proprietary",
      "engines": {
        "node": ">=12.0.0"
      },
      "dependencies": {
        "@zappar/zappar-cv": "3.1.0-beta.1",
        "gl-matrix": "3.4.3"
      }
    },
    "node_modules/@zappar/zappar-cv": {
      "version": "3.1.0-beta.1",
      "resolved": "https://registry.npmjs.org/@zappar/zappar-cv/-/zappar-cv-3.1.0-beta.1.tgz",
      "integrity": "sha512-ySPKMp6UjFctMj59XJ5w/xsfKlbCqB/Mf7o2VKJpXYEe71cUmzhDVjzOGtZK1SagRC0Hv8uNbZyLZuLbWrJUNA==",
      "license": "Proprietary",
      "dependencies": {
        "@types/w3c-generic-sensor": "^1.0.9",
        "gl-matrix": "3.4.3",
        "ua-parser-js": "1.0.33"
      }
    },
    "node_modules/@zcomponent/core": {
      "version": "1.26.0",
      "resolved": "https://registry.npmjs.org/@zcomponent/core/-/core-1.26.0.tgz",
      "integrity": "sha512-B2IGir8oEBIj49UdtzCYyWrGH92BD6jw1HoXDDOuIZoT8tU2l6e+fAKVe+jPYYyKkmjNf3DoKjogkGAfSDPSzA==",
      "license": "Proprietary",
      "engines": {
        "node": ">=12.0.0",
        "browsers": "defaults"
      }
    },
    "node_modules/@zcomponent/html": {
      "version": "1.4.1",
      "resolved": "https://registry.npmjs.org/@zcomponent/html/-/html-1.4.1.tgz",
      "integrity": "sha512-Vre0xJ11fFBBNG5I2kulRndBywEvF6y5I3pMmuPtRLr2J7rCTqF3cca+kySQSBdgR9jKeXByqyN5Knc2qkZa7w==",
      "license": "Proprietary",
      "peerDependencies": {
        "@zcomponent/core": "*"
      }
    },
    "node_modules/@zcomponent/three": {
      "version": "1.32.0",
      "resolved": "https://registry.npmjs.org/@zcomponent/three/-/three-1.32.0.tgz",
      "integrity": "sha512-9j8zI0DxRCeR59QsWczhQmd6a6yU9rV7ifHm7OuIQ60KQoiOfoN7L1TyjC8IY9muvB3lFYiAw+3TBYewexlWiQ==",
      "license": "Proprietary",
      "peerDependencies": {
        "three": "0.150.1 - 0.164.0",
        "@zcomponent/core": "*",
        "@zcomponent/html": "*"
      },
      "dependencies": {
        "troika-three-text": "0.49.0"
      }
    },
    "node_modules/@zcomponent/zappar-three": {
      "version": "3.5.0",
      "resolved": "https://registry.npmjs.org/@zcomponent/zappar-three/-/zappar-three-3.5.0.tgz",
      "integrity": "sha512-yRvmAvi6wdh6YKGfIRClEjWf8Bky81vGZGcy935/4YvVQPmTZkFrNvagBuPNiXABqLGmnn5yxWfEu2hO4/Igzw==",
      "license": "Proprietary",
      "engines": {
        "node": ">=10.6.0"
      },
      "peerDependencies": {
        "three": "0.150.1 - 164.0",
        "gl-matrix": "*",
        "@zcomponent/core": "*",
        "@zcomponent/three": "*"
      },
      "dependencies": {
        "@zappar/zappar": "3.2.0-beta.1",
        "@zcomponent/three": "^1.32.0"
      }
    },
    "node_modules/bidi-js": {
      "version": "1.0.3",
      "resolved": "https://registry.npmjs.org/bidi-js/-/bidi-js-1.0.3.tgz",
      "integrity": "sha512-RKshQI1R3YQ+n9YJz2QQ147P66ELpa1FQEg20Dk8oW9t2KgLbpDLLp9aGZ7y8WHSshDknG0bknqGw5/tyCs5tw==",
      "license": "MIT",
      "dependencies": {
        "require-from-string": "^2.0.2"
      }
    },
    "node_modules/fflate": {
      "version": "0.6.10",
      "resolved": "https://registry.npmjs.org/fflate/-/fflate-0.6.10.tgz",
      "integrity": "sha512-IQrh3lEPM93wVCEczc9SaAOvkmcoQn/G8Bo1e8ZPlY3X3bnAxWaBdvTdvM1hP62iZp0BXWDy4vTAy4fF0+Dlpg==",
      "license": "MIT",
      "dev": true
    },
    "node_modules/gl-matrix": {
      "version": "3.4.3",
      "resolved": "https://registry.npmjs.org/gl-matrix/-/gl-matrix-3.4.3.tgz",
      "integrity": "sha512-wcCp8vu8FT22BnvKVPjXa/ICBWRq/zjFfdofZy1WSpQZpphblv12/bOQLBC1rMM7SGOFS9ltVmKOHil5+Ml7gA==",
      "license": "MIT"
    },
    "node_modules/lil-gui": {
      "version": "0.17.0",
      "resolved": "https://registry.npmjs.org/lil-gui/-/lil-gui-0.17.0.tgz",
      "integrity": "sha512-MVBHmgY+uEbmJNApAaPbtvNh1RCAeMnKym82SBjtp5rODTYKWtM+MXHCifLe2H2Ti1HuBGBtK/5SyG4ShQ3pUQ==",
      "license": "MIT",
      "dev": true
    },
    "node_modules/require-from-string": {
      "version": "2.0.2",
      "resolved": "https://registry.npmjs.org/require-from-string/-/require-from-string-2.0.2.tgz",
      "integrity": "sha512-Xf0nWe6RseziFMu+Ap9biiUbmplq6S9/p+7w7YXP/JBHhrUDDUhwa+vANyubuqfZWTveU//DYVGsDG7RKL/vEw==",
      "license": "MIT",
      "engines": {
        "node": ">=0.10.0"
      }
    },
    "node_modules/three": {
      "version": "0.150.1",
      "resolved": "https://registry.npmjs.org/three/-/three-0.150.1.tgz",
      "integrity": "sha512-5C1MqKUWaHYo13BX0Q64qcdwImgnnjSOFgBscOzAo8MYCzEtqfQqorEKMcajnA3FHy1yVlIe9AmaMQ0OQracNA==",
      "license": "MIT"
    },
    "node_modules/troika-three-text": {
      "version": "0.49.0",
      "resolved": "https://registry.npmjs.org/troika-three-text/-/troika-three-text-0.49.0.tgz",
      "integrity": "sha512-sn9BNC6eIX8OO3iAkPwjecJ7Pn21Ve8P1UNFMNeQzXx759rrqS4i4pSZs7FLMYdWyCKVXBFGimBySFwRKLjq/Q==",
      "license": "MIT",
      "peerDependencies": {
        "three": ">=0.125.0"
      },
      "dependencies": {
        "bidi-js": "^1.0.2",
        "troika-three-utils": "^0.49.0",
        "troika-worker-utils": "^0.49.0",
        "webgl-sdf-generator": "1.1.1"
      }
    },
    "node_modules/troika-three-utils": {
      "version": "0.49.0",
      "resolved": "https://registry.npmjs.org/troika-three-utils/-/troika-three-utils-0.49.0.tgz",
      "integrity": "sha512-umitFL4cT+Fm/uONmaQEq4oZlyRHWwVClaS6ZrdcueRvwc2w+cpNQ47LlJKJswpqtMFWbEhOLy0TekmcPZOdYA==",
      "license": "MIT",
      "peerDependencies": {
        "three": ">=0.125.0"
      }
    },
    "node_modules/troika-worker-utils": {
      "version": "0.49.0",
      "resolved": "https://registry.npmjs.org/troika-worker-utils/-/troika-worker-utils-0.49.0.tgz",
      "integrity": "sha512-1xZHoJrG0HFfCvT/iyN41DvI/nRykiBtHqFkGaGgJwq5iXfIZFBiPPEHFpPpgyKM3Oo5ITHXP5wM2TNQszYdVg==",
      "license": "MIT"
    },
    "node_modules/typescript": {
      "version": "4.8.4",
      "bin": {
        "tsc": "bin/tsc",
        "tsserver": "bin/tsserver"
      },
      "resolved": "https://registry.npmjs.org/typescript/-/typescript-4.8.4.tgz",
      "integrity": "sha512-QCh+85mCy+h0IGff8r5XWzOVSbBO+KfeYrMQh7NJ58QujwcE22u+NUSmUxqF+un70P9GXKxa2HCNiTTMJknyjQ==",
      "license": "Apache-2.0",
      "engines": {
        "node": ">=4.2.0"
      },
      "dev": true
    },
    "node_modules/ua-parser-js": {
      "version": "1.0.33",
      "resolved": "https://registry.npmjs.org/ua-parser-js/-/ua-parser-js-1.0.33.tgz",
      "integrity": "sha512-RqshF7TPTE0XLYAqmjlu5cLLuGdKrNu9O1KLA/qp39QtbZwuzwv1dT46DZSopoUMsYgXpB3Cv8a03FI8b74oFQ==",
      "license": "MIT",
      "engines": {
        "node": "*"
      },
      "funding": [
        {
          "url": "https://opencollective.com/ua-parser-js",
          "type": "opencollective"
        },
        {
          "url": "https://paypal.me/faisalman",
          "type": "paypal"
        }
      ]
    },
    "node_modules/webgl-sdf-generator": {
      "version": "1.1.1",
      "resolved": "https://registry.npmjs.org/webgl-sdf-generator/-/webgl-sdf-generator-1.1.1.tgz",
      "integrity": "sha512-9Z0JcMTFxeE+b2x1LJTdnaT8rT8aEp7MVxkNwoycNmJWwPdzoXzMh0BjJSh/AEFP+KPYZUli814h8bJZFIZ2jA==",
      "license": "MIT"
    },
    "node_modules/@types/w3c-generic-sensor/node_modules/typescript": {
      "version": "2.9.2",
      "bin": {
        "tsc": "bin/tsc",
        "tsserver": "bin/tsserver"
      },
      "resolved": "https://registry.npmjs.org/typescript/-/typescript-2.9.2.tgz",
      "integrity": "sha512-Gr4p6nFNaoufRIY4NMdpQRNmgxVIGMs4Fcu/ujdYk3nAZqk7supzBE9idmvfZIlH/Cuj//dvi+019qEue9lV0w==",
      "license": "Apache-2.0",
      "engines": {
        "node": ">=4.2.0"
      }
    }
  }
}